{
  "pins" : [
    {
      "identity" : "runestone",
      "kind" : "remoteSourceControl",
      "location" : "https://github.com/ActuallyTaylor/Runestone",
      "state" : {
        "branch" : "main",
        "revision" : "f447c73df73f0e5c1760dcc2a2e15d271f58db2b"
      }
    },
    {
      "identity" : "tree-sitter-spm",
      "kind" : "remoteSourceControl",
      "location" : "https://github.com/ActuallyTaylor/tree-sitter-spm",
      "state" : {
        "branch" : "master",
        "revision" : "3860f9e8c683a730a53cd6fd594ff2d8cdc4c222"
      }
    }
  ],
  "version" : 2
}
